// !$*UTF8*$!
{
	archiveVersion = 1;
	classes = {
	};
	objectVersion = 46;
	objects = {

/* Begin PBXBuildFile section */
		880DA2651443441800FE5060 /* charter_client.py in Resources */ = {isa = PBXBuildFile; fileRef = 880DA2641443441800FE5060 /* charter_client.py */; };
		880DA2671443445100FE5060 /* charter_client.py in CopyFiles */ = {isa = PBXBuildFile; fileRef = 880DA2641443441800FE5060 /* charter_client.py */; };
		8812259514237D5E0060B15E /* Credits.rtf in Resources */ = {isa = PBXBuildFile; fileRef = 8812259414237D5E0060B15E /* Credits.rtf */; };
		884C8930141A458B007B852D /* PBScatterPlot.m in Sources */ = {isa = PBXBuildFile; fileRef = 8899556B1410FDEB002A9D9A /* PBScatterPlot.m */; };
		8858ED7D140E91FB00217104 /* Charter.icns in Resources */ = {isa = PBXBuildFile; fileRef = 8858ED7C140E91FB00217104 /* Charter.icns */; };
		886F67AA13EDC43B00E0BE5A /* PBChartSeries.rb in Resources */ = {isa = PBXBuildFile; fileRef = 886F67A913EDC43B00E0BE5A /* PBChartSeries.rb */; };
		8878029C13EB1C4800547434 /* Cocoa.framework in Frameworks */ = {isa = PBXBuildFile; fileRef = 8878029B13EB1C4800547434 /* Cocoa.framework */; };
		887802A713EB1C4800547434 /* InfoPlist.strings in Resources */ = {isa = PBXBuildFile; fileRef = 887802A513EB1C4800547434 /* InfoPlist.strings */; };
		887802A913EB1C4800547434 /* main.m in Sources */ = {isa = PBXBuildFile; fileRef = 887802A813EB1C4800547434 /* main.m */; };
		887802AE13EB1C4800547434 /* MainMenu.xib in Resources */ = {isa = PBXBuildFile; fileRef = 887802AC13EB1C4800547434 /* MainMenu.xib */; };
		887802B113EB1C4800547434 /* rb_main.rb in Resources */ = {isa = PBXBuildFile; fileRef = 887802B013EB1C4800547434 /* rb_main.rb */; };
		887802B313EB1C4800547434 /* AppDelegate.rb in Resources */ = {isa = PBXBuildFile; fileRef = 887802B213EB1C4800547434 /* AppDelegate.rb */; };
		887DE7D0142B38E800993B32 /* charter_client.c in Sources */ = {isa = PBXBuildFile; fileRef = 887DE7CC142B38E800993B32 /* charter_client.c */; };
		887DE7D1142B38E800993B32 /* charter_client.rb in Resources */ = {isa = PBXBuildFile; fileRef = 887DE7CF142B38E800993B32 /* charter_client.rb */; };
		887DE7D2142B392500993B32 /* charter_client.c in CopyFiles */ = {isa = PBXBuildFile; fileRef = 887DE7CC142B38E800993B32 /* charter_client.c */; };
		887DE7D3142B392700993B32 /* charter_client.h in CopyFiles */ = {isa = PBXBuildFile; fileRef = 887DE7CD142B38E800993B32 /* charter_client.h */; };
		887DE7D4142B392900993B32 /* charter_client.rb in CopyFiles */ = {isa = PBXBuildFile; fileRef = 887DE7CF142B38E800993B32 /* charter_client.rb */; };
		8880C1FA13FBBCAB00D65EAB /* TB_Colors.tiff in Resources */ = {isa = PBXBuildFile; fileRef = 8880C1F213FBBCAB00D65EAB /* TB_Colors.tiff */; };
		8880C1FB13FBBCAB00D65EAB /* TB_Customize.tiff in Resources */ = {isa = PBXBuildFile; fileRef = 8880C1F313FBBCAB00D65EAB /* TB_Customize.tiff */; };
		8880C1FC13FBBCAB00D65EAB /* TB_Find.tiff in Resources */ = {isa = PBXBuildFile; fileRef = 8880C1F413FBBCAB00D65EAB /* TB_Find.tiff */; };
		8880C1FD13FBBCAB00D65EAB /* TB_Record.tiff in Resources */ = {isa = PBXBuildFile; fileRef = 8880C1F513FBBCAB00D65EAB /* TB_Record.tiff */; };
		8880C1FE13FBBCAB00D65EAB /* TB_Table_Tool.tiff in Resources */ = {isa = PBXBuildFile; fileRef = 8880C1F613FBBCAB00D65EAB /* TB_Table_Tool.tiff */; };
		8880C1FF13FBBCAB00D65EAB /* theater_close.tiff in Resources */ = {isa = PBXBuildFile; fileRef = 8880C1F713FBBCAB00D65EAB /* theater_close.tiff */; };
		8880C20013FBBCAB00D65EAB /* theater_next.tiff in Resources */ = {isa = PBXBuildFile; fileRef = 8880C1F813FBBCAB00D65EAB /* theater_next.tiff */; };
		8880C20113FBBCAB00D65EAB /* VU-Button-On.tiff in Resources */ = {isa = PBXBuildFile; fileRef = 8880C1F913FBBCAB00D65EAB /* VU-Button-On.tiff */; };
		889955481410D1EB002A9D9A /* Terminal.icns in Resources */ = {isa = PBXBuildFile; fileRef = 889955471410D1EB002A9D9A /* Terminal.icns */; };
		8899554B1410F5DD002A9D9A /* CorePlot.framework in Frameworks */ = {isa = PBXBuildFile; fileRef = 8899554A1410F5DD002A9D9A /* CorePlot.framework */; };
		8899554D1410F703002A9D9A /* CorePlot.framework in CopyFiles */ = {isa = PBXBuildFile; fileRef = 8899554A1410F5DD002A9D9A /* CorePlot.framework */; };
		889955691410FDD7002A9D9A /* PBPlotView.m in Sources */ = {isa = PBXBuildFile; fileRef = 889955671410FDD6002A9D9A /* PBPlotView.m */; };
		8899556F1411004E002A9D9A /* PBPlotItem.m in Sources */ = {isa = PBXBuildFile; fileRef = 8899556E1411004E002A9D9A /* PBPlotItem.m */; };
		8899557114110467002A9D9A /* PBPlotController.m in Sources */ = {isa = PBXBuildFile; fileRef = 8899557014110467002A9D9A /* PBPlotController.m */; };
		889D8EE813F4AD86005B3E18 /* PBChartDataSource.rb in Resources */ = {isa = PBXBuildFile; fileRef = 889D8EE713F4AD86005B3E18 /* PBChartDataSource.rb */; };
		88B739D713ECF6DF0098F1B5 /* MacRuby.framework in Frameworks */ = {isa = PBXBuildFile; fileRef = 88B739D613ECF6DF0098F1B5 /* MacRuby.framework */; };
		88B8163014250360003DCCC3 /* TB_Mask.tiff in Resources */ = {isa = PBXBuildFile; fileRef = 88B8162E14250360003DCCC3 /* TB_Mask.tiff */; };
		88B8163114250360003DCCC3 /* TB_View_Navigator.tiff in Resources */ = {isa = PBXBuildFile; fileRef = 88B8162F14250360003DCCC3 /* TB_View_Navigator.tiff */; };
		88C99F1C1423636C004C5E26 /* Charter_defaults.plist in Resources */ = {isa = PBXBuildFile; fileRef = 88C99F1B1423636C004C5E26 /* Charter_defaults.plist */; };
		88EB68D314488A23005E2FE5 /* charter_client.class.php in Resources */ = {isa = PBXBuildFile; fileRef = 88EB68D114488A23005E2FE5 /* charter_client.class.php */; };
		88EB68D414488A23005E2FE5 /* example.php in Resources */ = {isa = PBXBuildFile; fileRef = 88EB68D214488A23005E2FE5 /* example.php */; };
		88EB68D614488B4D005E2FE5 /* charter_client.class.php in CopyFiles */ = {isa = PBXBuildFile; fileRef = 88EB68D114488A23005E2FE5 /* charter_client.class.php */; };
/* End PBXBuildFile section */

/* Begin PBXContainerItemProxy section */
		887802A013EB1C4800547434 /* PBXContainerItemProxy */ = {
			isa = PBXContainerItemProxy;
			containerPortal = 8878028E13EB1C4800547434 /* Project object */;
			proxyType = 1;
			remoteGlobalIDString = 8878029613EB1C4800547434;
			remoteInfo = Testing;
		};
/* End PBXContainerItemProxy section */

/* Begin PBXCopyFilesBuildPhase section */
		887DE7A81429C47600993B32 /* CopyFiles */ = {
			isa = PBXCopyFilesBuildPhase;
			buildActionMask = 2147483647;
			dstPath = Templates;
			dstSubfolderSpec = 7;
			files = (
				887DE7D2142B392500993B32 /* charter_client.c in CopyFiles */,
				887DE7D3142B392700993B32 /* charter_client.h in CopyFiles */,
				887DE7D4142B392900993B32 /* charter_client.rb in CopyFiles */,
				880DA2671443445100FE5060 /* charter_client.py in CopyFiles */,
				88EB68D614488B4D005E2FE5 /* charter_client.class.php in CopyFiles */,
			);
			runOnlyForDeploymentPostprocessing = 0;
		};
		8899554C1410F6EB002A9D9A /* CopyFiles */ = {
			isa = PBXCopyFilesBuildPhase;
			buildActionMask = 2147483647;
			dstPath = "";
			dstSubfolderSpec = 10;
			files = (
				8899554D1410F703002A9D9A /* CorePlot.framework in CopyFiles */,
			);
			runOnlyForDeploymentPostprocessing = 0;
		};
/* End PBXCopyFilesBuildPhase section */

/* Begin PBXFileReference section */
		880DA2641443441800FE5060 /* charter_client.py */ = {isa = PBXFileReference; fileEncoding = 4; lastKnownFileType = text.script.python; path = charter_client.py; sourceTree = "<group>"; };
		880DA2711443525000FE5060 /* Charter.entitlements */ = {isa = PBXFileReference; lastKnownFileType = text.xml; path = Charter.entitlements; sourceTree = "<group>"; };
		8812259414237D5E0060B15E /* Credits.rtf */ = {isa = PBXFileReference; fileEncoding = 4; lastKnownFileType = text.rtf; path = Credits.rtf; sourceTree = "<group>"; };
		884C892D141A3BF0007B852D /* PBScatterPlot.rb */ = {isa = PBXFileReference; fileEncoding = 4; lastKnownFileType = text.script.ruby; path = PBScatterPlot.rb; sourceTree = "<group>"; };
		8858ED7C140E91FB00217104 /* Charter.icns */ = {isa = PBXFileReference; lastKnownFileType = image.icns; path = Charter.icns; sourceTree = "<group>"; };
		886F67A913EDC43B00E0BE5A /* PBChartSeries.rb */ = {isa = PBXFileReference; fileEncoding = 4; lastKnownFileType = text.script.ruby; path = PBChartSeries.rb; sourceTree = "<group>"; };
		8878029713EB1C4800547434 /* Charter.app */ = {isa = PBXFileReference; explicitFileType = wrapper.application; includeInIndex = 0; path = Charter.app; sourceTree = BUILT_PRODUCTS_DIR; };
		8878029B13EB1C4800547434 /* Cocoa.framework */ = {isa = PBXFileReference; lastKnownFileType = wrapper.framework; name = Cocoa.framework; path = System/Library/Frameworks/Cocoa.framework; sourceTree = SDKROOT; };
		887802A413EB1C4800547434 /* Charter-Info.plist */ = {isa = PBXFileReference; lastKnownFileType = text.plist.xml; path = "Charter-Info.plist"; sourceTree = "<group>"; };
		887802A613EB1C4800547434 /* en */ = {isa = PBXFileReference; lastKnownFileType = text.plist.strings; name = en; path = en.lproj/InfoPlist.strings; sourceTree = "<group>"; };
		887802A813EB1C4800547434 /* main.m */ = {isa = PBXFileReference; lastKnownFileType = sourcecode.c.objc; path = main.m; sourceTree = "<group>"; };
		887802AA13EB1C4800547434 /* Charter-Prefix.pch */ = {isa = PBXFileReference; lastKnownFileType = sourcecode.c.h; path = "Charter-Prefix.pch"; sourceTree = "<group>"; };
		887802AD13EB1C4800547434 /* en */ = {isa = PBXFileReference; lastKnownFileType = file.xib; name = en; path = en.lproj/MainMenu.xib; sourceTree = "<group>"; };
		887802B013EB1C4800547434 /* rb_main.rb */ = {isa = PBXFileReference; lastKnownFileType = text.script.ruby; path = rb_main.rb; sourceTree = "<group>"; };
		887802B213EB1C4800547434 /* AppDelegate.rb */ = {isa = PBXFileReference; lastKnownFileType = text.script.ruby; path = AppDelegate.rb; sourceTree = "<group>"; };
		887DE7CC142B38E800993B32 /* charter_client.c */ = {isa = PBXFileReference; fileEncoding = 4; lastKnownFileType = sourcecode.c.c; name = charter_client.c; path = charter_client/charter_client/charter_client.c; sourceTree = "<group>"; };
		887DE7CD142B38E800993B32 /* charter_client.h */ = {isa = PBXFileReference; fileEncoding = 4; lastKnownFileType = sourcecode.c.h; name = charter_client.h; path = charter_client/charter_client/charter_client.h; sourceTree = "<group>"; };
		887DE7CF142B38E800993B32 /* charter_client.rb */ = {isa = PBXFileReference; fileEncoding = 4; lastKnownFileType = text.script.ruby; path = charter_client.rb; sourceTree = "<group>"; };
		8880C1F213FBBCAB00D65EAB /* TB_Colors.tiff */ = {isa = PBXFileReference; lastKnownFileType = image.tiff; path = TB_Colors.tiff; sourceTree = "<group>"; };
		8880C1F313FBBCAB00D65EAB /* TB_Customize.tiff */ = {isa = PBXFileReference; lastKnownFileType = image.tiff; path = TB_Customize.tiff; sourceTree = "<group>"; };
		8880C1F413FBBCAB00D65EAB /* TB_Find.tiff */ = {isa = PBXFileReference; lastKnownFileType = image.tiff; path = TB_Find.tiff; sourceTree = "<group>"; };
		8880C1F513FBBCAB00D65EAB /* TB_Record.tiff */ = {isa = PBXFileReference; lastKnownFileType = image.tiff; path = TB_Record.tiff; sourceTree = "<group>"; };
		8880C1F613FBBCAB00D65EAB /* TB_Table_Tool.tiff */ = {isa = PBXFileReference; lastKnownFileType = image.tiff; path = TB_Table_Tool.tiff; sourceTree = "<group>"; };
		8880C1F713FBBCAB00D65EAB /* theater_close.tiff */ = {isa = PBXFileReference; lastKnownFileType = image.tiff; path = theater_close.tiff; sourceTree = "<group>"; };
		8880C1F813FBBCAB00D65EAB /* theater_next.tiff */ = {isa = PBXFileReference; lastKnownFileType = image.tiff; path = theater_next.tiff; sourceTree = "<group>"; };
		8880C1F913FBBCAB00D65EAB /* VU-Button-On.tiff */ = {isa = PBXFileReference; lastKnownFileType = image.tiff; path = "VU-Button-On.tiff"; sourceTree = "<group>"; };
		889955471410D1EB002A9D9A /* Terminal.icns */ = {isa = PBXFileReference; lastKnownFileType = image.icns; path = Terminal.icns; sourceTree = "<group>"; };
		8899554A1410F5DD002A9D9A /* CorePlot.framework */ = {isa = PBXFileReference; lastKnownFileType = wrapper.framework; path = CorePlot.framework; sourceTree = "<group>"; };
		889955641410FDD6002A9D9A /* PBPlotController.h */ = {isa = PBXFileReference; fileEncoding = 4; lastKnownFileType = sourcecode.c.h; path = PBPlotController.h; sourceTree = "<group>"; };
		889955661410FDD6002A9D9A /* PBPlotView.h */ = {isa = PBXFileReference; fileEncoding = 4; lastKnownFileType = sourcecode.c.h; path = PBPlotView.h; sourceTree = "<group>"; };
		889955671410FDD6002A9D9A /* PBPlotView.m */ = {isa = PBXFileReference; fileEncoding = 4; lastKnownFileType = sourcecode.c.objc; path = PBPlotView.m; sourceTree = "<group>"; };
		8899556A1410FDEB002A9D9A /* PBScatterPlot.h */ = {isa = PBXFileReference; fileEncoding = 4; lastKnownFileType = sourcecode.c.h; path = PBScatterPlot.h; sourceTree = "<group>"; };
		8899556B1410FDEB002A9D9A /* PBScatterPlot.m */ = {isa = PBXFileReference; fileEncoding = 4; lastKnownFileType = sourcecode.c.objc; path = PBScatterPlot.m; sourceTree = "<group>"; };
		8899556D1411004E002A9D9A /* PBPlotItem.h */ = {isa = PBXFileReference; fileEncoding = 4; lastKnownFileType = sourcecode.c.h; path = PBPlotItem.h; sourceTree = "<group>"; };
		8899556E1411004E002A9D9A /* PBPlotItem.m */ = {isa = PBXFileReference; fileEncoding = 4; lastKnownFileType = sourcecode.c.objc; path = PBPlotItem.m; sourceTree = "<group>"; };
		8899557014110467002A9D9A /* PBPlotController.m */ = {isa = PBXFileReference; fileEncoding = 4; lastKnownFileType = sourcecode.c.objc; path = PBPlotController.m; sourceTree = "<group>"; };
		889D8EE713F4AD86005B3E18 /* PBChartDataSource.rb */ = {isa = PBXFileReference; fileEncoding = 4; lastKnownFileType = text.script.ruby; path = PBChartDataSource.rb; sourceTree = "<group>"; };
		88B739D613ECF6DF0098F1B5 /* MacRuby.framework */ = {isa = PBXFileReference; lastKnownFileType = wrapper.framework; name = MacRuby.framework; path = ../Library/Frameworks/MacRuby.framework; sourceTree = DEVELOPER_DIR; };
		88B8162E14250360003DCCC3 /* TB_Mask.tiff */ = {isa = PBXFileReference; lastKnownFileType = image.tiff; path = TB_Mask.tiff; sourceTree = "<group>"; };
		88B8162F14250360003DCCC3 /* TB_View_Navigator.tiff */ = {isa = PBXFileReference; lastKnownFileType = image.tiff; path = TB_View_Navigator.tiff; sourceTree = "<group>"; };
		88C99F1B1423636C004C5E26 /* Charter_defaults.plist */ = {isa = PBXFileReference; lastKnownFileType = file.bplist; path = Charter_defaults.plist; sourceTree = "<group>"; };
		88EB68D114488A23005E2FE5 /* charter_client.class.php */ = {isa = PBXFileReference; fileEncoding = 4; lastKnownFileType = text.script.php; path = charter_client.class.php; sourceTree = "<group>"; };
		88EB68D214488A23005E2FE5 /* example.php */ = {isa = PBXFileReference; fileEncoding = 4; lastKnownFileType = text.script.php; path = example.php; sourceTree = "<group>"; };
		88EF05A3141E6E9900A12AC9 /* PBChartDataSource.h */ = {isa = PBXFileReference; fileEncoding = 4; lastKnownFileType = sourcecode.c.h; path = PBChartDataSource.h; sourceTree = "<group>"; };
/* End PBXFileReference section */

/* Begin PBXFrameworksBuildPhase section */
		8878029413EB1C4800547434 /* Frameworks */ = {
			isa = PBXFrameworksBuildPhase;
			buildActionMask = 2147483647;
			files = (
				8878029C13EB1C4800547434 /* Cocoa.framework in Frameworks */,
				88B739D713ECF6DF0098F1B5 /* MacRuby.framework in Frameworks */,
				8899554B1410F5DD002A9D9A /* CorePlot.framework in Frameworks */,
			);
			runOnlyForDeploymentPostprocessing = 0;
		};
/* End PBXFrameworksBuildPhase section */

/* Begin PBXGroup section */
		880DA2631443441800FE5060 /* Python */ = {
			isa = PBXGroup;
			children = (
				880DA2641443441800FE5060 /* charter_client.py */,
			);
			path = Python;
			sourceTree = "<group>";
		};
		8878028C13EB1C4800547434 = {
			isa = PBXGroup;
			children = (
				880DA2711443525000FE5060 /* Charter.entitlements */,
				8858ED7C140E91FB00217104 /* Charter.icns */,
				887802A213EB1C4800547434 /* Charter App */,
				8878029A13EB1C4800547434 /* Frameworks */,
				8878029813EB1C4800547434 /* Products */,
			);
			sourceTree = "<group>";
		};
		8878029813EB1C4800547434 /* Products */ = {
			isa = PBXGroup;
			children = (
				8878029713EB1C4800547434 /* Charter.app */,
			);
			name = Products;
			sourceTree = "<group>";
		};
		8878029A13EB1C4800547434 /* Frameworks */ = {
			isa = PBXGroup;
			children = (
				8899554A1410F5DD002A9D9A /* CorePlot.framework */,
				88B739D613ECF6DF0098F1B5 /* MacRuby.framework */,
				8878029B13EB1C4800547434 /* Cocoa.framework */,
			);
			name = Frameworks;
			sourceTree = "<group>";
		};
		887802A213EB1C4800547434 /* Charter App */ = {
			isa = PBXGroup;
			children = (
				887802B213EB1C4800547434 /* AppDelegate.rb */,
				886F67A913EDC43B00E0BE5A /* PBChartSeries.rb */,
				889D8EE713F4AD86005B3E18 /* PBChartDataSource.rb */,
				884C892D141A3BF0007B852D /* PBScatterPlot.rb */,
				88995572141104DC002A9D9A /* Chart */,
				887802AB13EB1C4800547434 /* Resources */,
				887802AF13EB1C4800547434 /* Other Sources */,
				887802A313EB1C4800547434 /* Supporting Files */,
			);
			path = "Charter App";
			sourceTree = "<group>";
		};
		887802A313EB1C4800547434 /* Supporting Files */ = {
			isa = PBXGroup;
			children = (
				887802A413EB1C4800547434 /* Charter-Info.plist */,
				887802A513EB1C4800547434 /* InfoPlist.strings */,
				887802A813EB1C4800547434 /* main.m */,
				887802AA13EB1C4800547434 /* Charter-Prefix.pch */,
			);
			name = "Supporting Files";
			sourceTree = "<group>";
		};
		887802AB13EB1C4800547434 /* Resources */ = {
			isa = PBXGroup;
			children = (
				887DE7CA142B38E800993B32 /* ClientLibs */,
				8880C1F113FBBCAB00D65EAB /* Icons */,
				88C99F1B1423636C004C5E26 /* Charter_defaults.plist */,
				887802AC13EB1C4800547434 /* MainMenu.xib */,
				8812259414237D5E0060B15E /* Credits.rtf */,
			);
			name = Resources;
			sourceTree = "<group>";
		};
		887802AF13EB1C4800547434 /* Other Sources */ = {
			isa = PBXGroup;
			children = (
				887802B013EB1C4800547434 /* rb_main.rb */,
			);
			name = "Other Sources";
			sourceTree = "<group>";
		};
		887DE7CA142B38E800993B32 /* ClientLibs */ = {
			isa = PBXGroup;
			children = (
				88EB68D014488A23005E2FE5 /* php */,
				880DA2631443441800FE5060 /* Python */,
				887DE7CB142B38E800993B32 /* C */,
				887DE7CE142B38E800993B32 /* Ruby */,
			);
			name = ClientLibs;
			path = CharterClient;
			sourceTree = SOURCE_ROOT;
		};
		887DE7CB142B38E800993B32 /* C */ = {
			isa = PBXGroup;
			children = (
				887DE7CC142B38E800993B32 /* charter_client.c */,
				887DE7CD142B38E800993B32 /* charter_client.h */,
			);
			path = C;
			sourceTree = "<group>";
		};
		887DE7CE142B38E800993B32 /* Ruby */ = {
			isa = PBXGroup;
			children = (
				887DE7CF142B38E800993B32 /* charter_client.rb */,
			);
			path = Ruby;
			sourceTree = "<group>";
		};
		8880C1F113FBBCAB00D65EAB /* Icons */ = {
			isa = PBXGroup;
			children = (
				88B8162E14250360003DCCC3 /* TB_Mask.tiff */,
				88B8162F14250360003DCCC3 /* TB_View_Navigator.tiff */,
				889955471410D1EB002A9D9A /* Terminal.icns */,
				8880C1F213FBBCAB00D65EAB /* TB_Colors.tiff */,
				8880C1F313FBBCAB00D65EAB /* TB_Customize.tiff */,
				8880C1F413FBBCAB00D65EAB /* TB_Find.tiff */,
				8880C1F513FBBCAB00D65EAB /* TB_Record.tiff */,
				8880C1F613FBBCAB00D65EAB /* TB_Table_Tool.tiff */,
				8880C1F713FBBCAB00D65EAB /* theater_close.tiff */,
				8880C1F813FBBCAB00D65EAB /* theater_next.tiff */,
				8880C1F913FBBCAB00D65EAB /* VU-Button-On.tiff */,
			);
			path = Icons;
			sourceTree = SOURCE_ROOT;
		};
		88995572141104DC002A9D9A /* Chart */ = {
			isa = PBXGroup;
			children = (
				88EF05A3141E6E9900A12AC9 /* PBChartDataSource.h */,
				889955661410FDD6002A9D9A /* PBPlotView.h */,
				889955671410FDD6002A9D9A /* PBPlotView.m */,
				889955641410FDD6002A9D9A /* PBPlotController.h */,
				8899557014110467002A9D9A /* PBPlotController.m */,
				8899556D1411004E002A9D9A /* PBPlotItem.h */,
				8899556E1411004E002A9D9A /* PBPlotItem.m */,
				8899556A1410FDEB002A9D9A /* PBScatterPlot.h */,
				8899556B1410FDEB002A9D9A /* PBScatterPlot.m */,
			);
			name = Chart;
			sourceTree = "<group>";
		};
		88EB68D014488A23005E2FE5 /* php */ = {
			isa = PBXGroup;
			children = (
				88EB68D114488A23005E2FE5 /* charter_client.class.php */,
				88EB68D214488A23005E2FE5 /* example.php */,
			);
			path = php;
			sourceTree = "<group>";
		};
/* End PBXGroup section */

/* Begin PBXLegacyTarget section */
		8878029F13EB1C4800547434 /* Deployment */ = {
			isa = PBXLegacyTarget;
			buildArgumentsString = "--compile --embed";
			buildConfigurationList = 887802B913EB1C4800547434 /* Build configuration list for PBXLegacyTarget "Deployment" */;
			buildPhases = (
			);
			buildToolPath = /usr/local/bin/macruby_deploy;
			dependencies = (
				887802A113EB1C4800547434 /* PBXTargetDependency */,
			);
			name = Deployment;
			passBuildSettingsInEnvironment = 1;
			productName = Deployment;
		};
/* End PBXLegacyTarget section */

/* Begin PBXNativeTarget section */
		8878029613EB1C4800547434 /* Charter */ = {
			isa = PBXNativeTarget;
			buildConfigurationList = 887802B613EB1C4800547434 /* Build configuration list for PBXNativeTarget "Charter" */;
			buildPhases = (
				8878029313EB1C4800547434 /* Sources */,
				8878029413EB1C4800547434 /* Frameworks */,
				8878029513EB1C4800547434 /* Resources */,
				8899554C1410F6EB002A9D9A /* CopyFiles */,
				887DE7A81429C47600993B32 /* CopyFiles */,
			);
			buildRules = (
			);
			dependencies = (
			);
			name = Charter;
			productName = Testing;
			productReference = 8878029713EB1C4800547434 /* Charter.app */;
			productType = "com.apple.product-type.application";
		};
/* End PBXNativeTarget section */

/* Begin PBXProject section */
		8878028E13EB1C4800547434 /* Project object */ = {
			isa = PBXProject;
			attributes = {
				LastUpgradeCheck = 0420;
				ORGANIZATIONNAME = "Dipartimento di Ingegneria Meccanica e Strutturale";
			};
			buildConfigurationList = 8878029113EB1C4800547434 /* Build configuration list for PBXProject "Charter" */;
			compatibilityVersion = "Xcode 3.2";
			developmentRegion = English;
			hasScannedForEncodings = 0;
			knownRegions = (
				en,
			);
			mainGroup = 8878028C13EB1C4800547434;
			productRefGroup = 8878029813EB1C4800547434 /* Products */;
			projectDirPath = "";
			projectRoot = "";
			targets = (
				8878029613EB1C4800547434 /* Charter */,
				8878029F13EB1C4800547434 /* Deployment */,
			);
		};
/* End PBXProject section */

/* Begin PBXResourcesBuildPhase section */
		8878029513EB1C4800547434 /* Resources */ = {
			isa = PBXResourcesBuildPhase;
			buildActionMask = 2147483647;
			files = (
				887802A713EB1C4800547434 /* InfoPlist.strings in Resources */,
				887802AE13EB1C4800547434 /* MainMenu.xib in Resources */,
				887802B113EB1C4800547434 /* rb_main.rb in Resources */,
				887802B313EB1C4800547434 /* AppDelegate.rb in Resources */,
				886F67AA13EDC43B00E0BE5A /* PBChartSeries.rb in Resources */,
				889D8EE813F4AD86005B3E18 /* PBChartDataSource.rb in Resources */,
				8880C1FA13FBBCAB00D65EAB /* TB_Colors.tiff in Resources */,
				8880C1FB13FBBCAB00D65EAB /* TB_Customize.tiff in Resources */,
				8880C1FC13FBBCAB00D65EAB /* TB_Find.tiff in Resources */,
				8880C1FD13FBBCAB00D65EAB /* TB_Record.tiff in Resources */,
				8880C1FE13FBBCAB00D65EAB /* TB_Table_Tool.tiff in Resources */,
				8880C1FF13FBBCAB00D65EAB /* theater_close.tiff in Resources */,
				8880C20013FBBCAB00D65EAB /* theater_next.tiff in Resources */,
				8880C20113FBBCAB00D65EAB /* VU-Button-On.tiff in Resources */,
				8858ED7D140E91FB00217104 /* Charter.icns in Resources */,
				889955481410D1EB002A9D9A /* Terminal.icns in Resources */,
				88C99F1C1423636C004C5E26 /* Charter_defaults.plist in Resources */,
				8812259514237D5E0060B15E /* Credits.rtf in Resources */,
				88B8163014250360003DCCC3 /* TB_Mask.tiff in Resources */,
				88B8163114250360003DCCC3 /* TB_View_Navigator.tiff in Resources */,
				887DE7D1142B38E800993B32 /* charter_client.rb in Resources */,
				880DA2651443441800FE5060 /* charter_client.py in Resources */,
				88EB68D314488A23005E2FE5 /* charter_client.class.php in Resources */,
				88EB68D414488A23005E2FE5 /* example.php in Resources */,
			);
			runOnlyForDeploymentPostprocessing = 0;
		};
/* End PBXResourcesBuildPhase section */

/* Begin PBXSourcesBuildPhase section */
		8878029313EB1C4800547434 /* Sources */ = {
			isa = PBXSourcesBuildPhase;
			buildActionMask = 2147483647;
			files = (
				887802A913EB1C4800547434 /* main.m in Sources */,
				889955691410FDD7002A9D9A /* PBPlotView.m in Sources */,
				8899556F1411004E002A9D9A /* PBPlotItem.m in Sources */,
				8899557114110467002A9D9A /* PBPlotController.m in Sources */,
				884C8930141A458B007B852D /* PBScatterPlot.m in Sources */,
				887DE7D0142B38E800993B32 /* charter_client.c in Sources */,
			);
			runOnlyForDeploymentPostprocessing = 0;
		};
/* End PBXSourcesBuildPhase section */

/* Begin PBXTargetDependency section */
		887802A113EB1C4800547434 /* PBXTargetDependency */ = {
			isa = PBXTargetDependency;
			target = 8878029613EB1C4800547434 /* Charter */;
			targetProxy = 887802A013EB1C4800547434 /* PBXContainerItemProxy */;
		};
/* End PBXTargetDependency section */

/* Begin PBXVariantGroup section */
		887802A513EB1C4800547434 /* InfoPlist.strings */ = {
			isa = PBXVariantGroup;
			children = (
				887802A613EB1C4800547434 /* en */,
			);
			name = InfoPlist.strings;
			sourceTree = "<group>";
		};
		887802AC13EB1C4800547434 /* MainMenu.xib */ = {
			isa = PBXVariantGroup;
			children = (
				887802AD13EB1C4800547434 /* en */,
			);
			name = MainMenu.xib;
			sourceTree = "<group>";
		};
/* End PBXVariantGroup section */

/* Begin XCBuildConfiguration section */
		887802B413EB1C4800547434 /* Debug */ = {
			isa = XCBuildConfiguration;
			buildSettings = {
				ALWAYS_SEARCH_USER_PATHS = NO;
				ARCHS = "$(ARCHS_STANDARD_64_BIT)";
				COPY_PHASE_STRIP = YES;
				GCC_C_LANGUAGE_STANDARD = gnu99;
				GCC_DYNAMIC_NO_PIC = NO;
				GCC_ENABLE_OBJC_EXCEPTIONS = YES;
				GCC_OPTIMIZATION_LEVEL = 0;
				GCC_PREPROCESSOR_DEFINITIONS = (
					"DEBUG=1",
					"$(inherited)",
				);
				GCC_SYMBOLS_PRIVATE_EXTERN = NO;
				GCC_VERSION = com.apple.compilers.llvm.clang.1_0;
				GCC_WARN_64_TO_32_BIT_CONVERSION = YES;
				GCC_WARN_ABOUT_MISSING_PROTOTYPES = YES;
				GCC_WARN_ABOUT_RETURN_TYPE = YES;
				GCC_WARN_UNUSED_VARIABLE = YES;
				MACOSX_DEPLOYMENT_TARGET = 10.7;
				ONLY_ACTIVE_ARCH = YES;
				SDKROOT = macosx;
				STRIP_STYLE = debugging;
			};
			name = Debug;
		};
		887802B513EB1C4800547434 /* Release */ = {
			isa = XCBuildConfiguration;
			buildSettings = {
				ALWAYS_SEARCH_USER_PATHS = NO;
				ARCHS = "$(ARCHS_STANDARD_64_BIT)";
				COPY_PHASE_STRIP = YES;
				DEBUG_INFORMATION_FORMAT = "dwarf-with-dsym";
				GCC_C_LANGUAGE_STANDARD = gnu99;
				GCC_ENABLE_OBJC_EXCEPTIONS = YES;
				GCC_VERSION = com.apple.compilers.llvm.clang.1_0;
				GCC_WARN_64_TO_32_BIT_CONVERSION = YES;
				GCC_WARN_ABOUT_MISSING_PROTOTYPES = YES;
				GCC_WARN_ABOUT_RETURN_TYPE = YES;
				GCC_WARN_UNUSED_VARIABLE = YES;
				MACOSX_DEPLOYMENT_TARGET = 10.7;
				SDKROOT = macosx;
				STRIP_STYLE = debugging;
			};
			name = Release;
		};
		887802B713EB1C4800547434 /* Debug */ = {
			isa = XCBuildConfiguration;
			buildSettings = {
				ARCHS = "$(ARCHS_STANDARD_64_BIT)";
				CODE_SIGN_IDENTITY = "3rd Party Mac Developer Application";
				CURRENT_PROJECT_VERSION = 9;
				FRAMEWORK_SEARCH_PATHS = (
					"$(inherited)",
					"\"$(SRCROOT)\"",
				);
				GCC_ENABLE_OBJC_GC = supported;
				GCC_PRECOMPILE_PREFIX_HEADER = YES;
				GCC_PREFIX_HEADER = "Charter App/Charter-Prefix.pch";
				INFOPLIST_FILE = "Charter App/Charter-Info.plist";
				MACOSX_DEPLOYMENT_TARGET = 10.6;
				PRODUCT_NAME = Charter;
				PROVISIONING_PROFILE = "";
				VERSIONING_SYSTEM = "apple-generic";
				WRAPPER_EXTENSION = app;
			};
			name = Debug;
		};
		887802B813EB1C4800547434 /* Release */ = {
			isa = XCBuildConfiguration;
			buildSettings = {
				ARCHS = "$(ARCHS_STANDARD_64_BIT)";
				CODE_SIGN_IDENTITY = "3rd Party Mac Developer Application";
				CURRENT_PROJECT_VERSION = 9;
				FRAMEWORK_SEARCH_PATHS = (
					"$(inherited)",
					"\"$(SRCROOT)\"",
				);
				GCC_ENABLE_OBJC_GC = supported;
				GCC_PRECOMPILE_PREFIX_HEADER = YES;
				GCC_PREFIX_HEADER = "Charter App/Charter-Prefix.pch";
				INFOPLIST_FILE = "Charter App/Charter-Info.plist";
				MACOSX_DEPLOYMENT_TARGET = 10.6;
				PRODUCT_NAME = Charter;
				PROVISIONING_PROFILE = "";
				VERSIONING_SYSTEM = "apple-generic";
				WRAPPER_EXTENSION = app;
			};
			name = Release;
		};
		887802BA13EB1C4800547434 /* Debug */ = {
			isa = XCBuildConfiguration;
			buildSettings = {
				ARCHS = "";
			};
			name = Debug;
		};
		887802BB13EB1C4800547434 /* Release */ = {
			isa = XCBuildConfiguration;
			buildSettings = {
				ARCHS = "";
			};
			name = Release;
		};
/* End XCBuildConfiguration section */

/* Begin XCConfigurationList section */
		8878029113EB1C4800547434 /* Build configuration list for PBXProject "Charter" */ = {
			isa = XCConfigurationList;
			buildConfigurations = (
				887802B413EB1C4800547434 /* Debug */,
				887802B513EB1C4800547434 /* Release */,
			);
			defaultConfigurationIsVisible = 0;
			defaultConfigurationName = Release;
		};
		887802B613EB1C4800547434 /* Build configuration list for PBXNativeTarget "Charter" */ = {
			isa = XCConfigurationList;
			buildConfigurations = (
				887802B713EB1C4800547434 /* Debug */,
				887802B813EB1C4800547434 /* Release */,
			);
			defaultConfigurationIsVisible = 0;
			defaultConfigurationName = Release;
		};
		887802B913EB1C4800547434 /* Build configuration list for PBXLegacyTarget "Deployment" */ = {
			isa = XCConfigurationList;
			buildConfigurations = (
				887802BA13EB1C4800547434 /* Debug */,
				887802BB13EB1C4800547434 /* Release */,
			);
			defaultConfigurationIsVisible = 0;
			defaultConfigurationName = Release;
		};
/* End XCConfigurationList section */
	};
	rootObject = 8878028E13EB1C4800547434 /* Project object */;
}
